
Microsoft Visual Studio Solution File, Format Version 12.00
# Visual Studio Version 16
VisualStudioVersion = 16.0.33027.164
MinimumVisualStudioVersion = 10.0.40219.1
Project("{9A19103F-16F7-4668-BE54-9A1E7A4F7556}") = "WkHtmlToX", "WkHtmlToX\WkHtmlToX.csproj", "{F4E725AA-515E-4325-AD8E-07F125A2C3B0}"
EndProject
Project("{9A19103F-16F7-4668-BE54-9A1E7A4F7556}") = "WkHtmlToX.Tests", "WkHtmlToX.Tests\WkHtmlToX.Tests.csproj", "{55F49909-78DB-4863-8019-9C4140939802}"
EndProject
Global
	GlobalSection(SolutionConfigurationPlatforms) = preSolution
		Debug|Any CPU = Debug|Any CPU
		Release|Any CPU = Release|Any CPU
	EndGlobalSection
	GlobalSection(ProjectConfigurationPlatforms) = postSolution
		{F4E725AA-515E-4325-AD8E-07F125A2C3B0}.Debug|Any CPU.ActiveCfg = Debug|Any CPU
		{F4E725AA-515E-4325-AD8E-07F125A2C3B0}.Debug|Any CPU.Build.0 = Debug|Any CPU
		{F4E725AA-515E-4325-AD8E-07F125A2C3B0}.Release|Any CPU.ActiveCfg = Release|Any CPU
		{F4E725AA-515E-4325-AD8E-07F125A2C3B0}.Release|Any CPU.Build.0 = Release|Any CPU
		{55F49909-78DB-4863-8019-9C4140939802}.Debug|Any CPU.ActiveCfg = Debug|Any CPU
		{55F49909-78DB-4863-8019-9C4140939802}.Debug|Any CPU.Build.0 = Debug|Any CPU
		{55F49909-78DB-4863-8019-9C4140939802}.Release|Any CPU.ActiveCfg = Release|Any CPU
		{55F49909-78DB-4863-8019-9C4140939802}.Release|Any CPU.Build.0 = Release|Any CPU
	EndGlobalSection
	GlobalSection(SolutionProperties) = preSolution
		HideSolutionNode = FALSE
	EndGlobalSection
	GlobalSection(ExtensibilityGlobals) = postSolution
		SolutionGuid = {58EB3E45-ECC8-44A7-80A1-A96C1C06AEBC}
	EndGlobalSection
EndGlobal
